
Microsoft Visual Studio Solution File, Format Version 12.00
# Visual Studio 15
VisualStudioVersion = 15.0.27004.2005
MinimumVisualStudioVersion = 10.0.40219.1
Project("{FAE04EC0-301F-11D3-BF4B-00C04F79EFBC}") = "Dapper_Workshop", "Dapper_Workshop\Dapper_Workshop.csproj", "{114D8035-BDA1-4099-BC47-6D9556300CCD}"
EndProject
Project("{FAE04EC0-301F-11D3-BF4B-00C04F79EFBC}") = "Exercices", "Exercices\Exercices.csproj", "{A1591388-348F-40C1-97A6-4D9C8EB0E28A}"
EndProject
Project("{FAE04EC0-301F-11D3-BF4B-00C04F79EFBC}") = "Common", "Common\Common.csproj", "{67626B98-1413-4161-905F-701DB4C6D9FE}"
EndProject
Project("{FAE04EC0-301F-11D3-BF4B-00C04F79EFBC}") = "DAL", "DAL\DAL.csproj", "{EFC2B227-1FD9-4167-9314-C313FA930851}"
EndProject
Project("{FAE04EC0-301F-11D3-BF4B-00C04F79EFBC}") = "Examples", "Examples\Examples.csproj", "{55BB82AD-9026-40B8-9CE9-6424D8DEA6CE}"
EndProject
Project("{FAE04EC0-301F-11D3-BF4B-00C04F79EFBC}") = "ExercicesTests", "ExercicesTests\ExercicesTests.csproj", "{AE6B82CD-B3AA-4723-9F5A-C2B2936829C1}"
EndProject
Project("{2150E333-8FDC-42A3-9474-1A3956D46DE8}") = "Files", "Files", "{85A84114-DB08-4826-B9E5-25E9DB565E04}"
	ProjectSection(SolutionItems) = preProject
		Files\Szkolenie warsztatowe Dapper.pptx = Files\Szkolenie warsztatowe Dapper.pptx
	EndProjectSection
EndProject
Project("{2150E333-8FDC-42A3-9474-1A3956D46DE8}") = "Scripts", "Scripts", "{B12CCA22-0B8D-419A-82A2-8F974436EA48}"
	ProjectSection(SolutionItems) = preProject
		Files\InitializeScripts.sql = Files\InitializeScripts.sql
		Files\Procedures.sql = Files\Procedures.sql
	EndProjectSection
EndProject
Global
	GlobalSection(SolutionConfigurationPlatforms) = preSolution
		Debug|Any CPU = Debug|Any CPU
		Release|Any CPU = Release|Any CPU
	EndGlobalSection
	GlobalSection(ProjectConfigurationPlatforms) = postSolution
		{114D8035-BDA1-4099-BC47-6D9556300CCD}.Debug|Any CPU.ActiveCfg = Debug|Any CPU
		{114D8035-BDA1-4099-BC47-6D9556300CCD}.Debug|Any CPU.Build.0 = Debug|Any CPU
		{114D8035-BDA1-4099-BC47-6D9556300CCD}.Release|Any CPU.ActiveCfg = Release|Any CPU
		{114D8035-BDA1-4099-BC47-6D9556300CCD}.Release|Any CPU.Build.0 = Release|Any CPU
		{A1591388-348F-40C1-97A6-4D9C8EB0E28A}.Debug|Any CPU.ActiveCfg = Debug|Any CPU
		{A1591388-348F-40C1-97A6-4D9C8EB0E28A}.Debug|Any CPU.Build.0 = Debug|Any CPU
		{A1591388-348F-40C1-97A6-4D9C8EB0E28A}.Release|Any CPU.ActiveCfg = Release|Any CPU
		{A1591388-348F-40C1-97A6-4D9C8EB0E28A}.Release|Any CPU.Build.0 = Release|Any CPU
		{67626B98-1413-4161-905F-701DB4C6D9FE}.Debug|Any CPU.ActiveCfg = Debug|Any CPU
		{67626B98-1413-4161-905F-701DB4C6D9FE}.Debug|Any CPU.Build.0 = Debug|Any CPU
		{67626B98-1413-4161-905F-701DB4C6D9FE}.Release|Any CPU.ActiveCfg = Release|Any CPU
		{67626B98-1413-4161-905F-701DB4C6D9FE}.Release|Any CPU.Build.0 = Release|Any CPU
		{EFC2B227-1FD9-4167-9314-C313FA930851}.Debug|Any CPU.ActiveCfg = Debug|Any CPU
		{EFC2B227-1FD9-4167-9314-C313FA930851}.Debug|Any CPU.Build.0 = Debug|Any CPU
		{EFC2B227-1FD9-4167-9314-C313FA930851}.Release|Any CPU.ActiveCfg = Release|Any CPU
		{EFC2B227-1FD9-4167-9314-C313FA930851}.Release|Any CPU.Build.0 = Release|Any CPU
		{55BB82AD-9026-40B8-9CE9-6424D8DEA6CE}.Debug|Any CPU.ActiveCfg = Debug|Any CPU
		{55BB82AD-9026-40B8-9CE9-6424D8DEA6CE}.Debug|Any CPU.Build.0 = Debug|Any CPU
		{55BB82AD-9026-40B8-9CE9-6424D8DEA6CE}.Release|Any CPU.ActiveCfg = Release|Any CPU
		{55BB82AD-9026-40B8-9CE9-6424D8DEA6CE}.Release|Any CPU.Build.0 = Release|Any CPU
		{AE6B82CD-B3AA-4723-9F5A-C2B2936829C1}.Debug|Any CPU.ActiveCfg = Debug|Any CPU
		{AE6B82CD-B3AA-4723-9F5A-C2B2936829C1}.Debug|Any CPU.Build.0 = Debug|Any CPU
		{AE6B82CD-B3AA-4723-9F5A-C2B2936829C1}.Release|Any CPU.ActiveCfg = Release|Any CPU
		{AE6B82CD-B3AA-4723-9F5A-C2B2936829C1}.Release|Any CPU.Build.0 = Release|Any CPU
	EndGlobalSection
	GlobalSection(SolutionProperties) = preSolution
		HideSolutionNode = FALSE
	EndGlobalSection
	GlobalSection(NestedProjects) = preSolution
		{B12CCA22-0B8D-419A-82A2-8F974436EA48} = {85A84114-DB08-4826-B9E5-25E9DB565E04}
	EndGlobalSection
	GlobalSection(ExtensibilityGlobals) = postSolution
		SolutionGuid = {FD2E82C1-1AF6-4F4C-9C5A-BE0F9303C2D5}
	EndGlobalSection
EndGlobal
